{
  "requires": true,
  "lockfileVersion": 1,
  "dependencies": {
    "count-words": {
      "version": "1.0.13",
      "resolved": "https://registry.npmjs.org/count-words/-/count-words-1.0.13.tgz",
      "integrity": "sha512-udGVdXlyQAVcWXozUMSZ4GAbEpxHqvMVBeDDEYUuaDwCyz72XugSn3it1tWu/4pv+kY8PnC0OwzsZI3tCijuVQ==",
      "requires": {
        "set-or-get": "^1.2.0",
        "worder": "^1.0.0"
      }
    },
    "deffy": {
      "version": "2.2.4",
      "resolved": "https://registry.npmjs.org/deffy/-/deffy-2.2.4.tgz",
      "integrity": "sha512-pLc9lsbsWjr6RxmJ2OLyvm+9l4j1yK69h+TML/gUit/t3vTijpkNGh8LioaJYTGO7F25m6HZndADcUOo2PsiUg==",
      "requires": {
        "typpy": "^2.0.0"
      }
    },
    "function.name": {
      "version": "1.0.13",
      "resolved": "https://registry.npmjs.org/function.name/-/function.name-1.0.13.tgz",
      "integrity": "sha512-mVrqdoy5npWZyoXl4DxCeuVF6delDcQjVS9aPdvLYlBxtMTZDR2B5GVEQEoM1jJyspCqg3C0v4ABkLE7tp9xFA==",
      "requires": {
        "noop6": "^1.0.1"
      }
    },
    "noop6": {
      "version": "1.0.9",
      "resolved": "https://registry.npmjs.org/noop6/-/noop6-1.0.9.tgz",
      "integrity": "sha512-DB3Hwyd89dPr5HqEPg3YHjzvwh/mCqizC1zZ8vyofqc+TQRyPDnT4wgXXbLGF4z9YAzwwTLi8pNLhGqcbSjgkA=="
    },
    "set-or-get": {
      "version": "1.2.10",
      "resolved": "https://registry.npmjs.org/set-or-get/-/set-or-get-1.2.10.tgz",
      "integrity": "sha512-WKa6X5jx/DbCmhq/c1gUUjmNMXVOhWuyqtg0teWqqLeLfnSTraHjGO69oiHMLB+Fm5nHyW8uZxGcJPf/C10oAA==",
      "requires": {
        "deffy": "^2.0.0"
      }
    },
    "typpy": {
      "version": "2.3.12",
      "resolved": "https://registry.npmjs.org/typpy/-/typpy-2.3.12.tgz",
      "integrity": "sha512-VginyZYxadNyFnB763lvFGNUqsIRtJt2V33pLfdnjRreObbKaxexUC+39EVb3MavWU9ggekvT1ojEU0kvtumfA==",
      "requires": {
        "function.name": "^1.0.3"
      }
    },
    "worder": {
      "version": "1.1.1",
      "resolved": "https://registry.npmjs.org/worder/-/worder-1.1.1.tgz",
      "integrity": "sha512-wul/ncEBQk01Dc8gqHsNkMeV7YvahUSRuXm60g+pbezuWskPy/CQZtAxmi6j+GWzTCQYjW8EvbVilpIBbm4gvA=="
    }
  }
}
